Microsoft Visual Studio Solution File, Format Version 12.00
# Visual Studio Version 17
VisualStudioVersion = 17.5.2.0
MinimumVisualStudioVersion = 10.0.40219.1
Project("{FAE04EC0-301F-11D3-BF4B-00C04F79EFBC}") = "JumpForward", "JumpForward.csproj", "{47009318-5266-7125-DA08-791FF13BC5EF}"
EndProject
Global
	GlobalSection(SolutionConfigurationPlatforms) = preSolution
		Debug|Any CPU = Debug|Any CPU
		Release|Any CPU = Release|Any CPU
	EndGlobalSection
	GlobalSection(ProjectConfigurationPlatforms) = postSolution
		{47009318-5266-7125-DA08-791FF13BC5EF}.Debug|Any CPU.ActiveCfg = Debug|Any CPU
		{47009318-5266-7125-DA08-791FF13BC5EF}.Debug|Any CPU.Build.0 = Debug|Any CPU
		{47009318-5266-7125-DA08-791FF13BC5EF}.Release|Any CPU.ActiveCfg = Release|Any CPU
		{47009318-5266-7125-DA08-791FF13BC5EF}.Release|Any CPU.Build.0 = Release|Any CPU
	EndGlobalSection
	GlobalSection(SolutionProperties) = preSolution
		HideSolutionNode = FALSE
	EndGlobalSection
	GlobalSection(ExtensibilityGlobals) = postSolution
		SolutionGuid = {5A40264C-4640-44EB-89A8-DC07A9710E7E}
	EndGlobalSection
EndGlobal
